
Microsoft Visual Studio Solution File, Format Version 12.00
# Visual Studio Version 16
VisualStudioVersion = 16.0.31112.23
MinimumVisualStudioVersion = 10.0.40219.1
Project("{FAE04EC0-301F-11D3-BF4B-00C04F79EFBC}") = "bitwase_PRATICANDO", "bitwase\bitwase_PRATICANDO.csproj", "{F2F9F9BF-AEBD-478D-B82D-51A003AFFB55}"
EndProject
Global
	GlobalSection(SolutionConfigurationPlatforms) = preSolution
		Debug|Any CPU = Debug|Any CPU
		Release|Any CPU = Release|Any CPU
	EndGlobalSection
	GlobalSection(ProjectConfigurationPlatforms) = postSolution
		{F2F9F9BF-AEBD-478D-B82D-51A003AFFB55}.Debug|Any CPU.ActiveCfg = Debug|Any CPU
		{F2F9F9BF-AEBD-478D-B82D-51A003AFFB55}.Debug|Any CPU.Build.0 = Debug|Any CPU
		{F2F9F9BF-AEBD-478D-B82D-51A003AFFB55}.Release|Any CPU.ActiveCfg = Release|Any CPU
		{F2F9F9BF-AEBD-478D-B82D-51A003AFFB55}.Release|Any CPU.Build.0 = Release|Any CPU
	EndGlobalSection
	GlobalSection(SolutionProperties) = preSolution
		HideSolutionNode = FALSE
	EndGlobalSection
	GlobalSection(ExtensibilityGlobals) = postSolution
		SolutionGuid = {6426B208-54E8-4B5B-B12B-53DB3B2CD661}
	EndGlobalSection
EndGlobal
